
Microsoft Visual Studio Solution File, Format Version 12.00
# Visual Studio Version 17
VisualStudioVersion = 17.4.33213.308
MinimumVisualStudioVersion = 10.0.40219.1
Project("{FAE04EC0-301F-11D3-BF4B-00C04F79EFBC}") = "MobileShop.API", "MobileShop.API.csproj", "{6BFE95B6-4485-4634-8730-D82964FCC51A}"
EndProject
Global
	GlobalSection(SolutionConfigurationPlatforms) = preSolution
		Debug|Any CPU = Debug|Any CPU
		Release|Any CPU = Release|Any CPU
	EndGlobalSection
	GlobalSection(ProjectConfigurationPlatforms) = postSolution
		{6BFE95B6-4485-4634-8730-D82964FCC51A}.Debug|Any CPU.ActiveCfg = Debug|Any CPU
		{6BFE95B6-4485-4634-8730-D82964FCC51A}.Debug|Any CPU.Build.0 = Debug|Any CPU
		{6BFE95B6-4485-4634-8730-D82964FCC51A}.Release|Any CPU.ActiveCfg = Release|Any CPU
		{6BFE95B6-4485-4634-8730-D82964FCC51A}.Release|Any CPU.Build.0 = Release|Any CPU
	EndGlobalSection
	GlobalSection(SolutionProperties) = preSolution
		HideSolutionNode = FALSE
	EndGlobalSection
	GlobalSection(ExtensibilityGlobals) = postSolution
		SolutionGuid = {49AE288C-BD10-45C8-998F-BBDDC1BE6C67}
	EndGlobalSection
EndGlobal
